
Microsoft Visual Studio Solution File, Format Version 12.00
# Visual Studio 15
VisualStudioVersion = 15.0.28010.2048
MinimumVisualStudioVersion = 10.0.40219.1
Project("{FAE04EC0-301F-11D3-BF4B-00C04F79EFBC}") = "HelloWorldApplication", "ConsoleApp1\HelloWorldApplication.csproj", "{A6CC44E8-5D64-4F09-9080-E207B0C41464}"
EndProject
Global
	GlobalSection(SolutionConfigurationPlatforms) = preSolution
		Debug|Any CPU = Debug|Any CPU
		Release|Any CPU = Release|Any CPU
	EndGlobalSection
	GlobalSection(ProjectConfigurationPlatforms) = postSolution
		{A6CC44E8-5D64-4F09-9080-E207B0C41464}.Debug|Any CPU.ActiveCfg = Debug|Any CPU
		{A6CC44E8-5D64-4F09-9080-E207B0C41464}.Debug|Any CPU.Build.0 = Debug|Any CPU
		{A6CC44E8-5D64-4F09-9080-E207B0C41464}.Release|Any CPU.ActiveCfg = Release|Any CPU
		{A6CC44E8-5D64-4F09-9080-E207B0C41464}.Release|Any CPU.Build.0 = Release|Any CPU
	EndGlobalSection
	GlobalSection(SolutionProperties) = preSolution
		HideSolutionNode = FALSE
	EndGlobalSection
	GlobalSection(ExtensibilityGlobals) = postSolution
		SolutionGuid = {3EA6855E-4063-4F92-BC35-94AB96450FD2}
	EndGlobalSection
EndGlobal
